
Microsoft Visual Studio Solution File, Format Version 12.00
# Visual Studio Version 16
VisualStudioVersion = 16.0.29009.5
MinimumVisualStudioVersion = 10.0.40219.1
Project("{FAE04EC0-301F-11D3-BF4B-00C04F79EFBC}") = "TrackerLibrary", "TrackerLibrary\TrackerLibrary.csproj", "{5492815E-F48C-496D-91E8-345D296F0AD9}"
EndProject
Project("{FAE04EC0-301F-11D3-BF4B-00C04F79EFBC}") = "TrackerUI", "TrackerUI\TrackerUI.csproj", "{DD83A0B2-F4C3-4D15-A2D9-C52CF1835407}"
EndProject
Global
	GlobalSection(SolutionConfigurationPlatforms) = preSolution
		Debug|Any CPU = Debug|Any CPU
		Release|Any CPU = Release|Any CPU
	EndGlobalSection
	GlobalSection(ProjectConfigurationPlatforms) = postSolution
		{5492815E-F48C-496D-91E8-345D296F0AD9}.Debug|Any CPU.ActiveCfg = Debug|Any CPU
		{5492815E-F48C-496D-91E8-345D296F0AD9}.Debug|Any CPU.Build.0 = Debug|Any CPU
		{5492815E-F48C-496D-91E8-345D296F0AD9}.Release|Any CPU.ActiveCfg = Release|Any CPU
		{5492815E-F48C-496D-91E8-345D296F0AD9}.Release|Any CPU.Build.0 = Release|Any CPU
		{DD83A0B2-F4C3-4D15-A2D9-C52CF1835407}.Debug|Any CPU.ActiveCfg = Debug|Any CPU
		{DD83A0B2-F4C3-4D15-A2D9-C52CF1835407}.Debug|Any CPU.Build.0 = Debug|Any CPU
		{DD83A0B2-F4C3-4D15-A2D9-C52CF1835407}.Release|Any CPU.ActiveCfg = Release|Any CPU
		{DD83A0B2-F4C3-4D15-A2D9-C52CF1835407}.Release|Any CPU.Build.0 = Release|Any CPU
	EndGlobalSection
	GlobalSection(SolutionProperties) = preSolution
		HideSolutionNode = FALSE
	EndGlobalSection
	GlobalSection(ExtensibilityGlobals) = postSolution
		SolutionGuid = {9413B206-5299-459E-BAA6-99195B1B2429}
	EndGlobalSection
EndGlobal
